lockfileVersion: '9.0'

settings:
  autoInstallPeers: true
  excludeLinksFromLockfile: false

importers:

  .:
    dependencies:
      '@hono/node-server':
        specifier: ^1.13.7
        version: 1.13.7(hono@4.6.12)
      hono:
        specifier: ^4.6.12
        version: 4.6.12

packages:

  '@hono/node-server@1.13.7':
    resolution: {integrity: sha512-kTfUMsoloVKtRA2fLiGSd9qBddmru9KadNyhJCwgKBxTiNkaAJEwkVN9KV/rS4HtmmNRtUh6P+YpmjRMl0d9vQ==}
    engines: {node: '>=18.14.1'}
    peerDependencies:
      hono: ^4

  hono@4.6.12:
    resolution: {integrity: sha512-eHtf4kSDNw6VVrdbd5IQi16r22m3s7mWPLd7xOMhg1a/Yyb1A0qpUFq8xYMX4FMuDe1nTKeMX5rTx7Nmw+a+Ag==}
    engines: {node: '>=16.9.0'}

snapshots:

  '@hono/node-server@1.13.7(hono@4.6.12)':
    dependencies:
      hono: 4.6.12

  hono@4.6.12: {}
